// !$*UTF8*$!
{
	archiveVersion = 1;
	classes = {
	};
	objectVersion = 46;
	objects = {

/* Begin PBXBuildFile section */
		DE65B3F61BDC58600035C470 /* AppDelegate.swift in Sources */ = {isa = PBXBuildFile; fileRef = DE65B3F51BDC58600035C470 /* AppDelegate.swift */; };
		DE65B3F81BDC58600035C470 /* ViewController.swift in Sources */ = {isa = PBXBuildFile; fileRef = DE65B3F71BDC58600035C470 /* ViewController.swift */; };
		DE65B3FB1BDC58600035C470 /* Main.storyboard in Resources */ = {isa = PBXBuildFile; fileRef = DE65B3F91BDC58600035C470 /* Main.storyboard */; };
		DE65B3FD1BDC58600035C470 /* Assets.xcassets in Resources */ = {isa = PBXBuildFile; fileRef = DE65B3FC1BDC58600035C470 /* Assets.xcassets */; };
		DE65B4001BDC58600035C470 /* LaunchScreen.storyboard in Resources */ = {isa = PBXBuildFile; fileRef = DE65B3FE1BDC58600035C470 /* LaunchScreen.storyboard */; };
		DEC131281BE429740032F8E7 /* Colores.swift in Sources */ = {isa = PBXBuildFile; fileRef = DEC131271BE429740032F8E7 /* Colores.swift */; };
/* End PBXBuildFile section */

/* Begin PBXFileReference section */
		DE65B3F21BDC58600035C470 /* MasFeliz.app */ = {isa = PBXFileReference; explicitFileType = wrapper.application; includeInIndex = 0; path = MasFeliz.app; sourceTree = BUILT_PRODUCTS_DIR; };
		DE65B3F51BDC58600035C470 /* AppDelegate.swift */ = {isa = PBXFileReference; lastKnownFileType = sourcecode.swift; path = AppDelegate.swift; sourceTree = "<group>"; };
		DE65B3F71BDC58600035C470 /* ViewController.swift */ = {isa = PBXFileReference; lastKnownFileType = sourcecode.swift; path = ViewController.swift; sourceTree = "<group>"; };
		DE65B3FA1BDC58600035C470 /* Base */ = {isa = PBXFileReference; lastKnownFileType = file.storyboard; name = Base; path = Base.lproj/Main.storyboard; sourceTree = "<group>"; };
		DE65B3FC1BDC58600035C470 /* Assets.xcassets */ = {isa = PBXFileReference; lastKnownFileType = folder.assetcatalog; path = Assets.xcassets; sourceTree = "<group>"; };
		DE65B3FF1BDC58600035C470 /* Base */ = {isa = PBXFileReference; lastKnownFileType = file.storyboard; name = Base; path = Base.lproj/LaunchScreen.storyboard; sourceTree = "<group>"; };
		DE65B4011BDC58600035C470 /* Info.plist */ = {isa = PBXFileReference; lastKnownFileType = text.plist.xml; path = Info.plist; sourceTree = "<group>"; };
		DE65B4071BDC599F0035C470 /* MyPlayground.playground */ = {isa = PBXFileReference; lastKnownFileType = file.playground; path = MyPlayground.playground; sourceTree = "<group>"; };
		DEC131271BE429740032F8E7 /* Colores.swift */ = {isa = PBXFileReference; fileEncoding = 4; lastKnownFileType = sourcecode.swift; path = Colores.swift; sourceTree = "<group>"; };
/* End PBXFileReference section */

/* Begin PBXFrameworksBuildPhase section */
		DE65B3EF1BDC58600035C470 /* Frameworks */ = {
			isa = PBXFrameworksBuildPhase;
			buildActionMask = 2147483647;
			files = (
			);
			runOnlyForDeploymentPostprocessing = 0;
		};
/* End PBXFrameworksBuildPhase section */

/* Begin PBXGroup section */
		DE65B3E91BDC58600035C470 = {
			isa = PBXGroup;
			children = (
				DE65B3F41BDC58600035C470 /* MasFeliz */,
				DE65B3F31BDC58600035C470 /* Products */,
			);
			sourceTree = "<group>";
		};
		DE65B3F31BDC58600035C470 /* Products */ = {
			isa = PBXGroup;
			children = (
				DE65B3F21BDC58600035C470 /* MasFeliz.app */,
			);
			name = Products;
			sourceTree = "<group>";
		};
		DE65B3F41BDC58600035C470 /* MasFeliz */ = {
			isa = PBXGroup;
			children = (
				DE65B3F51BDC58600035C470 /* AppDelegate.swift */,
				DE65B3F71BDC58600035C470 /* ViewController.swift */,
				DE65B3F91BDC58600035C470 /* Main.storyboard */,
				DE65B3FC1BDC58600035C470 /* Assets.xcassets */,
				DE65B3FE1BDC58600035C470 /* LaunchScreen.storyboard */,
				DE65B4011BDC58600035C470 /* Info.plist */,
				DE65B4081BDC59B10035C470 /* playgrounds */,
				DEC131271BE429740032F8E7 /* Colores.swift */,
			);
			path = MasFeliz;
			sourceTree = "<group>";
		};
		DE65B4081BDC59B10035C470 /* playgrounds */ = {
			isa = PBXGroup;
			children = (
				DE65B4071BDC599F0035C470 /* MyPlayground.playground */,
			);
			name = playgrounds;
			sourceTree = "<group>";
		};
/* End PBXGroup section */

/* Begin PBXNativeTarget section */
		DE65B3F11BDC58600035C470 /* MasFeliz */ = {
			isa = PBXNativeTarget;
			buildConfigurationList = DE65B4041BDC58600035C470 /* Build configuration list for PBXNativeTarget "MasFeliz" */;
			buildPhases = (
				DE65B3EE1BDC58600035C470 /* Sources */,
				DE65B3EF1BDC58600035C470 /* Frameworks */,
				DE65B3F01BDC58600035C470 /* Resources */,
			);
			buildRules = (
			);
			dependencies = (
			);
			name = MasFeliz;
			productName = MasFeliz;
			productReference = DE65B3F21BDC58600035C470 /* MasFeliz.app */;
			productType = "com.apple.product-type.application";
		};
/* End PBXNativeTarget section */

/* Begin PBXProject section */
		DE65B3EA1BDC58600035C470 /* Project object */ = {
			isa = PBXProject;
			attributes = {
				LastSwiftUpdateCheck = 0710;
				LastUpgradeCheck = 0710;
				ORGANIZATIONNAME = "WiseWare SAS";
				TargetAttributes = {
					DE65B3F11BDC58600035C470 = {
						CreatedOnToolsVersion = 7.1;
					};
				};
			};
			buildConfigurationList = DE65B3ED1BDC58600035C470 /* Build configuration list for PBXProject "MasFeliz" */;
			compatibilityVersion = "Xcode 3.2";
			developmentRegion = English;
			hasScannedForEncodings = 0;
			knownRegions = (
				en,
				Base,
			);
			mainGroup = DE65B3E91BDC58600035C470;
			productRefGroup = DE65B3F31BDC58600035C470 /* Products */;
			projectDirPath = "";
			projectRoot = "";
			targets = (
				DE65B3F11BDC58600035C470 /* MasFeliz */,
			);
		};
/* End PBXProject section */

/* Begin PBXResourcesBuildPhase section */
		DE65B3F01BDC58600035C470 /* Resources */ = {
			isa = PBXResourcesBuildPhase;
			buildActionMask = 2147483647;
			files = (
				DE65B4001BDC58600035C470 /* LaunchScreen.storyboard in Resources */,
				DE65B3FD1BDC58600035C470 /* Assets.xcassets in Resources */,
				DE65B3FB1BDC58600035C470 /* Main.storyboard in Resources */,
			);
			runOnlyForDeploymentPostprocessing = 0;
		};
/* End PBXResourcesBuildPhase section */

/* Begin PBXSourcesBuildPhase section */
		DE65B3EE1BDC58600035C470 /* Sources */ = {
			isa = PBXSourcesBuildPhase;
			buildActionMask = 2147483647;
			files = (
				DE65B3F81BDC58600035C470 /* ViewController.swift in Sources */,
				DEC131281BE429740032F8E7 /* Colores.swift in Sources */,
				DE65B3F61BDC58600035C470 /* AppDelegate.swift in Sources */,
			);
			runOnlyForDeploymentPostprocessing = 0;
		};
/* End PBXSourcesBuildPhase section */

/* Begin PBXVariantGroup section */
		DE65B3F91BDC58600035C470 /* Main.storyboard */ = {
			isa = PBXVariantGroup;
			children = (
				DE65B3FA1BDC58600035C470 /* Base */,
			);
			name = Main.storyboard;
			sourceTree = "<group>";
		};
		DE65B3FE1BDC58600035C470 /* LaunchScreen.storyboard */ = {
			isa = PBXVariantGroup;
			children = (
				DE65B3FF1BDC58600035C470 /* Base */,
			);
			name = LaunchScreen.storyboard;
			sourceTree = "<group>";
		};
/* End PBXVariantGroup section */

/* Begin XCBuildConfiguration section */
		DE65B4021BDC58600035C470 /* Debug */ = {
			isa = XCBuildConfiguration;
			buildSettings = {
				ALWAYS_SEARCH_USER_PATHS = NO;
				CLANG_CXX_LANGUAGE_STANDARD = "gnu++0x";
				CLANG_CXX_LIBRARY = "libc++";
				CLANG_ENABLE_MODULES = YES;
				CLANG_ENABLE_OBJC_ARC = YES;
				CLANG_WARN_BOOL_CONVERSION = YES;
				CLANG_WARN_CONSTANT_CONVERSION = YES;
				CLANG_WARN_DIRECT_OBJC_ISA_USAGE = YES_ERROR;
				CLANG_WARN_EMPTY_BODY = YES;
				CLANG_WARN_ENUM_CONVERSION = YES;
				CLANG_WARN_INT_CONVERSION = YES;
				CLANG_WARN_OBJC_ROOT_CLASS = YES_ERROR;
				CLANG_WARN_UNREACHABLE_CODE = YES;
				CLANG_WARN__DUPLICATE_METHOD_MATCH = YES;
				"CODE_SIGN_IDENTITY[sdk=iphoneos*]" = "iPhone Developer";
				COPY_PHASE_STRIP = NO;
				DEBUG_INFORMATION_FORMAT = dwarf;
				ENABLE_STRICT_OBJC_MSGSEND = YES;
				ENABLE_TESTABILITY = YES;
				GCC_C_LANGUAGE_STANDARD = gnu99;
				GCC_DYNAMIC_NO_PIC = NO;
				GCC_NO_COMMON_BLOCKS = YES;
				GCC_OPTIMIZATION_LEVEL = 0;
				GCC_PREPROCESSOR_DEFINITIONS = (
					"DEBUG=1",
					"$(inherited)",
				);
				GCC_WARN_64_TO_32_BIT_CONVERSION = YES;
				GCC_WARN_ABOUT_RETURN_TYPE = YES_ERROR;
				GCC_WARN_UNDECLARED_SELECTOR = YES;
				GCC_WARN_UNINITIALIZED_AUTOS = YES_AGGRESSIVE;
				GCC_WARN_UNUSED_FUNCTION = YES;
				GCC_WARN_UNUSED_VARIABLE = YES;
				IPHONEOS_DEPLOYMENT_TARGET = 9.1;
				MTL_ENABLE_DEBUG_INFO = YES;
				ONLY_ACTIVE_ARCH = YES;
				SDKROOT = iphoneos;
				SWIFT_OPTIMIZATION_LEVEL = "-Onone";
			};
			name = Debug;
		};
		DE65B4031BDC58600035C470 /* Release */ = {
			isa = XCBuildConfiguration;
			buildSettings = {
				ALWAYS_SEARCH_USER_PATHS = NO;
				CLANG_CXX_LANGUAGE_STANDARD = "gnu++0x";
				CLANG_CXX_LIBRARY = "libc++";
				CLANG_ENABLE_MODULES = YES;
				CLANG_ENABLE_OBJC_ARC = YES;
				CLANG_WARN_BOOL_CONVERSION = YES;
				CLANG_WARN_CONSTANT_CONVERSION = YES;
				CLANG_WARN_DIRECT_OBJC_ISA_USAGE = YES_ERROR;
				CLANG_WARN_EMPTY_BODY = YES;
				CLANG_WARN_ENUM_CONVERSION = YES;
				CLANG_WARN_INT_CONVERSION = YES;
				CLANG_WARN_OBJC_ROOT_CLASS = YES_ERROR;
				CLANG_WARN_UNREACHABLE_CODE = YES;
				CLANG_WARN__DUPLICATE_METHOD_MATCH = YES;
				"CODE_SIGN_IDENTITY[sdk=iphoneos*]" = "iPhone Developer";
				COPY_PHASE_STRIP = NO;
				DEBUG_INFORMATION_FORMAT = "dwarf-with-dsym";
				ENABLE_NS_ASSERTIONS = NO;
				ENABLE_STRICT_OBJC_MSGSEND = YES;
				GCC_C_LANGUAGE_STANDARD = gnu99;
				GCC_NO_COMMON_BLOCKS = YES;
				GCC_WARN_64_TO_32_BIT_CONVERSION = YES;
				GCC_WARN_ABOUT_RETURN_TYPE = YES_ERROR;
				GCC_WARN_UNDECLARED_SELECTOR = YES;
				GCC_WARN_UNINITIALIZED_AUTOS = YES_AGGRESSIVE;
				GCC_WARN_UNUSED_FUNCTION = YES;
				GCC_WARN_UNUSED_VARIABLE = YES;
				IPHONEOS_DEPLOYMENT_TARGET = 9.1;
				MTL_ENABLE_DEBUG_INFO = NO;
				SDKROOT = iphoneos;
				VALIDATE_PRODUCT = YES;
			};
			name = Release;
		};
		DE65B4051BDC58600035C470 /* Debug */ = {
			isa = XCBuildConfiguration;
			buildSettings = {
				ASSETCATALOG_COMPILER_APPICON_NAME = AppIcon;
				INFOPLIST_FILE = MasFeliz/Info.plist;
				LD_RUNPATH_SEARCH_PATHS = "$(inherited) @executable_path/Frameworks";
				PRODUCT_BUNDLE_IDENTIFIER = com.wisewaresas.MasFeliz;
				PRODUCT_NAME = "$(TARGET_NAME)";
			};
			name = Debug;
		};
		DE65B4061BDC58600035C470 /* Release */ = {
			isa = XCBuildConfiguration;
			buildSettings = {
				ASSETCATALOG_COMPILER_APPICON_NAME = AppIcon;
				INFOPLIST_FILE = MasFeliz/Info.plist;
				LD_RUNPATH_SEARCH_PATHS = "$(inherited) @executable_path/Frameworks";
				PRODUCT_BUNDLE_IDENTIFIER = com.wisewaresas.MasFeliz;
				PRODUCT_NAME = "$(TARGET_NAME)";
			};
			name = Release;
		};
/* End XCBuildConfiguration section */

/* Begin XCConfigurationList section */
		DE65B3ED1BDC58600035C470 /* Build configuration list for PBXProject "MasFeliz" */ = {
			isa = XCConfigurationList;
			buildConfigurations = (
				DE65B4021BDC58600035C470 /* Debug */,
				DE65B4031BDC58600035C470 /* Release */,
			);
			defaultConfigurationIsVisible = 0;
			defaultConfigurationName = Release;
		};
		DE65B4041BDC58600035C470 /* Build configuration list for PBXNativeTarget "MasFeliz" */ = {
			isa = XCConfigurationList;
			buildConfigurations = (
				DE65B4051BDC58600035C470 /* Debug */,
				DE65B4061BDC58600035C470 /* Release */,
			);
			defaultConfigurationIsVisible = 0;
			defaultConfigurationName = Release;
		};
/* End XCConfigurationList section */
	};
	rootObject = DE65B3EA1BDC58600035C470 /* Project object */;
}
